
Microsoft Visual Studio Solution File, Format Version 12.00
# Visual Studio Version 17
VisualStudioVersion = 17.0.31903.59
MinimumVisualStudioVersion = 10.0.40219.1
Project("{2150E333-8FDC-42A3-9474-1A3956D46DE8}") = "src", "src", "{0D6E2185-13EE-4FA3-BF3F-CFCB0BC5393A}"
EndProject
Project("{2150E333-8FDC-42A3-9474-1A3956D46DE8}") = "test", "test", "{9B6FFFF5-FC52-4EC4-BFDE-D5C3F9EA519C}"
EndProject
Project("{FAE04EC0-301F-11D3-BF4B-00C04F79EFBC}") = "Chirp.Razor", "src\Chirp.Razor\Chirp.Razor.csproj", "{6B9D3A29-52C3-420E-BA0E-BDE23FACF6B5}"
EndProject
Global
	GlobalSection(SolutionConfigurationPlatforms) = preSolution
		Debug|Any CPU = Debug|Any CPU
		Release|Any CPU = Release|Any CPU
	EndGlobalSection
	GlobalSection(SolutionProperties) = preSolution
		HideSolutionNode = FALSE
	EndGlobalSection
	GlobalSection(ProjectConfigurationPlatforms) = postSolution
		{6B9D3A29-52C3-420E-BA0E-BDE23FACF6B5}.Debug|Any CPU.ActiveCfg = Debug|Any CPU
		{6B9D3A29-52C3-420E-BA0E-BDE23FACF6B5}.Debug|Any CPU.Build.0 = Debug|Any CPU
		{6B9D3A29-52C3-420E-BA0E-BDE23FACF6B5}.Release|Any CPU.ActiveCfg = Release|Any CPU
		{6B9D3A29-52C3-420E-BA0E-BDE23FACF6B5}.Release|Any CPU.Build.0 = Release|Any CPU
	EndGlobalSection
	GlobalSection(NestedProjects) = preSolution
		{6B9D3A29-52C3-420E-BA0E-BDE23FACF6B5} = {0D6E2185-13EE-4FA3-BF3F-CFCB0BC5393A}
	EndGlobalSection
EndGlobal
