
Microsoft Visual Studio Solution File, Format Version 12.00
# Visual Studio Version 17
VisualStudioVersion = 17.0.31903.59
MinimumVisualStudioVersion = 10.0.40219.1
Project("{2150E333-8FDC-42A3-9474-1A3956D46DE8}") = "src", "src", "{0D6E2185-13EE-4FA3-BF3F-CFCB0BC5393A}"
EndProject
Project("{FAE04EC0-301F-11D3-BF4B-00C04F79EFBC}") = "Chirp.CLI", "src\Chirp.CLI.Client\Chirp.CLI.csproj", "{8771E8E4-C773-4BC3-93E8-105D2FB748B5}"
EndProject
Project("{FAE04EC0-301F-11D3-BF4B-00C04F79EFBC}") = "SimpleDB", "src\SimpleDB\SimpleDB.csproj", "{584A8563-2FCA-4FE4-8BCA-03EAE11AEA30}"
EndProject
Project("{FAE04EC0-301F-11D3-BF4B-00C04F79EFBC}") = "CSVDBService", "src\Chirp.CSVDBService\Chirp.CSVDBService.csproj", "{D2A8F8E1-4F5D-4A6B-9A3B-1B2E4F5D6A7B}"
EndProject
Project("{2150E333-8FDC-42A3-9474-1A3956D46DE8}") = "test", "test", "{9B6FFFF5-FC52-4EC4-BFDE-D5C3F9EA519C}"
EndProject
Project("{FAE04EC0-301F-11D3-BF4B-00C04F79EFBC}") = "Chirp.Cli.Client.Tests", "test\Chirp.CLI.Client.Tests\Chirp.Cli.Client.Tests.csproj", "{7B0DF24C-2082-48A3-9568-826930DEA931}"
EndProject
Project("{FAE04EC0-301F-11D3-BF4B-00C04F79EFBC}") = "SimpleDB.Tests", "test\SimpleDB.Tests\SimpleDB.Tests.csproj", "{F82C9A37-E53B-4C96-90F1-F5A2145DDCFE}"
EndProject
Global
	GlobalSection(SolutionConfigurationPlatforms) = preSolution
		Debug|Any CPU = Debug|Any CPU
		Release|Any CPU = Release|Any CPU
	EndGlobalSection
	GlobalSection(SolutionProperties) = preSolution
		HideSolutionNode = FALSE
	EndGlobalSection
	GlobalSection(ProjectConfigurationPlatforms) = postSolution
		{8771E8E4-C773-4BC3-93E8-105D2FB748B5}.Debug|Any CPU.ActiveCfg = Debug|Any CPU
		{8771E8E4-C773-4BC3-93E8-105D2FB748B5}.Debug|Any CPU.Build.0 = Debug|Any CPU
		{8771E8E4-C773-4BC3-93E8-105D2FB748B5}.Release|Any CPU.ActiveCfg = Release|Any CPU
		{8771E8E4-C773-4BC3-93E8-105D2FB748B5}.Release|Any CPU.Build.0 = Release|Any CPU
		{584A8563-2FCA-4FE4-8BCA-03EAE11AEA30}.Debug|Any CPU.ActiveCfg = Debug|Any CPU
		{584A8563-2FCA-4FE4-8BCA-03EAE11AEA30}.Debug|Any CPU.Build.0 = Debug|Any CPU
		{584A8563-2FCA-4FE4-8BCA-03EAE11AEA30}.Release|Any CPU.ActiveCfg = Release|Any CPU
		{584A8563-2FCA-4FE4-8BCA-03EAE11AEA30}.Release|Any CPU.Build.0 = Release|Any CPU
		{7B0DF24C-2082-48A3-9568-826930DEA931}.Debug|Any CPU.ActiveCfg = Debug|Any CPU
		{7B0DF24C-2082-48A3-9568-826930DEA931}.Debug|Any CPU.Build.0 = Debug|Any CPU
		{7B0DF24C-2082-48A3-9568-826930DEA931}.Release|Any CPU.ActiveCfg = Release|Any CPU
		{7B0DF24C-2082-48A3-9568-826930DEA931}.Release|Any CPU.Build.0 = Release|Any CPU
		{F82C9A37-E53B-4C96-90F1-F5A2145DDCFE}.Debug|Any CPU.ActiveCfg = Debug|Any CPU
		{F82C9A37-E53B-4C96-90F1-F5A2145DDCFE}.Debug|Any CPU.Build.0 = Debug|Any CPU
		{F82C9A37-E53B-4C96-90F1-F5A2145DDCFE}.Release|Any CPU.ActiveCfg = Release|Any CPU
		{F82C9A37-E53B-4C96-90F1-F5A2145DDCFE}.Release|Any CPU.Build.0 = Release|Any CPU
	EndGlobalSection
	GlobalSection(NestedProjects) = preSolution
		{8771E8E4-C773-4BC3-93E8-105D2FB748B5} = {0D6E2185-13EE-4FA3-BF3F-CFCB0BC5393A}
		{584A8563-2FCA-4FE4-8BCA-03EAE11AEA30} = {0D6E2185-13EE-4FA3-BF3F-CFCB0BC5393A}
		{7B0DF24C-2082-48A3-9568-826930DEA931} = {9B6FFFF5-FC52-4EC4-BFDE-D5C3F9EA519C}
		{F82C9A37-E53B-4C96-90F1-F5A2145DDCFE} = {9B6FFFF5-FC52-4EC4-BFDE-D5C3F9EA519C}
	EndGlobalSection
EndGlobal
