
Microsoft Visual Studio Solution File, Format Version 12.00
# Visual Studio Version 17
VisualStudioVersion = 17.0.31903.59
MinimumVisualStudioVersion = 10.0.40219.1
Project("{2150E333-8FDC-42A3-9474-1A3956D46DE8}") = "src", "src", "{0D6E2185-13EE-4FA3-BF3F-CFCB0BC5393A}"
EndProject
Project("{2150E333-8FDC-42A3-9474-1A3956D46DE8}") = "test", "test", "{9B6FFFF5-FC52-4EC4-BFDE-D5C3F9EA519C}"
EndProject
Project("{FAE04EC0-301F-11D3-BF4B-00C04F79EFBC}") = "Chirp.Razor.Test", "test\Chirp.Razor.Test\Chirp.Razor.Test.csproj", "{D65B8E0A-55B9-4E07-8D34-C9CDBC6A9C39}"
EndProject
Project("{FAE04EC0-301F-11D3-BF4B-00C04F79EFBC}") = "Oauth", "src\Oauth\Oauth.csproj", "{7EB182A2-0268-4875-89BC-3776DAF4F6AC}"
EndProject
Global
	GlobalSection(SolutionConfigurationPlatforms) = preSolution
		Debug|Any CPU = Debug|Any CPU
		Release|Any CPU = Release|Any CPU
	EndGlobalSection
	GlobalSection(SolutionProperties) = preSolution
		HideSolutionNode = FALSE
	EndGlobalSection
	GlobalSection(ProjectConfigurationPlatforms) = postSolution
		{D65B8E0A-55B9-4E07-8D34-C9CDBC6A9C39}.Debug|Any CPU.ActiveCfg = Debug|Any CPU
		{D65B8E0A-55B9-4E07-8D34-C9CDBC6A9C39}.Debug|Any CPU.Build.0 = Debug|Any CPU
		{D65B8E0A-55B9-4E07-8D34-C9CDBC6A9C39}.Release|Any CPU.ActiveCfg = Release|Any CPU
		{D65B8E0A-55B9-4E07-8D34-C9CDBC6A9C39}.Release|Any CPU.Build.0 = Release|Any CPU
		{7EB182A2-0268-4875-89BC-3776DAF4F6AC}.Debug|Any CPU.ActiveCfg = Debug|Any CPU
		{7EB182A2-0268-4875-89BC-3776DAF4F6AC}.Debug|Any CPU.Build.0 = Debug|Any CPU
		{7EB182A2-0268-4875-89BC-3776DAF4F6AC}.Release|Any CPU.ActiveCfg = Release|Any CPU
		{7EB182A2-0268-4875-89BC-3776DAF4F6AC}.Release|Any CPU.Build.0 = Release|Any CPU
	EndGlobalSection
	GlobalSection(NestedProjects) = preSolution
		{D65B8E0A-55B9-4E07-8D34-C9CDBC6A9C39} = {9B6FFFF5-FC52-4EC4-BFDE-D5C3F9EA519C}
		{7EB182A2-0268-4875-89BC-3776DAF4F6AC} = {0D6E2185-13EE-4FA3-BF3F-CFCB0BC5393A}
	EndGlobalSection
EndGlobal
