
Microsoft Visual Studio Solution File, Format Version 12.00
# Visual Studio Version 17
VisualStudioVersion = 17.0.31903.59
MinimumVisualStudioVersion = 10.0.40219.1
Project("{2150E333-8FDC-42A3-9474-1A3956D46DE8}") = "src", "src", "{0F470FE3-8EC2-4EBA-8638-C8A792A6D103}"
EndProject
Project("{FAE04EC0-301F-11D3-BF4B-00C04F79EFBC}") = "Chirp.Core", "src\Chirp.Core\Chirp.Core.csproj", "{1AB20B19-4759-4DF5-A022-9AF8ABCF69C9}"
EndProject
Project("{FAE04EC0-301F-11D3-BF4B-00C04F79EFBC}") = "Chirp.Web", "src\Chirp.Web\Chirp.Web.csproj", "{6FB91805-B716-4AEB-9ADC-F88F779F0814}"
EndProject
Project("{FAE04EC0-301F-11D3-BF4B-00C04F79EFBC}") = "Chirp.Infrastructure", "src\Chirp.Infrastructure\Chirp.Infrastructure.csproj", "{C290B09C-42B6-40FB-B3C0-CA2ABE9097D5}"
EndProject
Global
	GlobalSection(SolutionConfigurationPlatforms) = preSolution
		Debug|Any CPU = Debug|Any CPU
		Release|Any CPU = Release|Any CPU
	EndGlobalSection
	GlobalSection(SolutionProperties) = preSolution
		HideSolutionNode = FALSE
	EndGlobalSection
	GlobalSection(ProjectConfigurationPlatforms) = postSolution
		{1AB20B19-4759-4DF5-A022-9AF8ABCF69C9}.Debug|Any CPU.ActiveCfg = Debug|Any CPU
		{1AB20B19-4759-4DF5-A022-9AF8ABCF69C9}.Debug|Any CPU.Build.0 = Debug|Any CPU
		{1AB20B19-4759-4DF5-A022-9AF8ABCF69C9}.Release|Any CPU.ActiveCfg = Release|Any CPU
		{1AB20B19-4759-4DF5-A022-9AF8ABCF69C9}.Release|Any CPU.Build.0 = Release|Any CPU
		{6FB91805-B716-4AEB-9ADC-F88F779F0814}.Debug|Any CPU.ActiveCfg = Debug|Any CPU
		{6FB91805-B716-4AEB-9ADC-F88F779F0814}.Debug|Any CPU.Build.0 = Debug|Any CPU
		{6FB91805-B716-4AEB-9ADC-F88F779F0814}.Release|Any CPU.ActiveCfg = Release|Any CPU
		{6FB91805-B716-4AEB-9ADC-F88F779F0814}.Release|Any CPU.Build.0 = Release|Any CPU
		{C290B09C-42B6-40FB-B3C0-CA2ABE9097D5}.Debug|Any CPU.ActiveCfg = Debug|Any CPU
		{C290B09C-42B6-40FB-B3C0-CA2ABE9097D5}.Debug|Any CPU.Build.0 = Debug|Any CPU
		{C290B09C-42B6-40FB-B3C0-CA2ABE9097D5}.Release|Any CPU.ActiveCfg = Release|Any CPU
		{C290B09C-42B6-40FB-B3C0-CA2ABE9097D5}.Release|Any CPU.Build.0 = Release|Any CPU
	EndGlobalSection
	GlobalSection(NestedProjects) = preSolution
		{1AB20B19-4759-4DF5-A022-9AF8ABCF69C9} = {0F470FE3-8EC2-4EBA-8638-C8A792A6D103}
		{6FB91805-B716-4AEB-9ADC-F88F779F0814} = {0F470FE3-8EC2-4EBA-8638-C8A792A6D103}
		{C290B09C-42B6-40FB-B3C0-CA2ABE9097D5} = {0F470FE3-8EC2-4EBA-8638-C8A792A6D103}
	EndGlobalSection
EndGlobal
